{
  "name": "tokbench-engine-ai-tokenizer",
  "version": "0.0.0",
  "lockfileVersion": 3,
  "requires": true,
  "packages": {
    "": {
      "name": "tokbench-engine-ai-tokenizer",
      "version": "0.0.0",
      "license": "Apache-2.0",
      "dependencies": {
        "ai-tokenizer": "1.0.6"
      }
    },
    "node_modules/ai-tokenizer": {
      "version": "1.0.6",
      "resolved": "https://registry.npmjs.org/ai-tokenizer/-/ai-tokenizer-1.0.6.tgz",
      "integrity": "sha512-GaakQFxen0pRH/HIA4v68ZM40llCH27HUYUSBLK+gVuZ57e53pYJe1xFvSTj4sJJjbWU92m1X6NjPWyeWkFDow==",
      "license": "MIT",
      "peerDependencies": {
        "ai": "^5.0.0"
      },
      "peerDependenciesMeta": {
        "ai": {
          "optional": true
        }
      }
    }
  }
}
